
Microsoft Visual Studio Solution File, Format Version 12.00
# Visual Studio Version 16
VisualStudioVersion = 16.0.29020.237
MinimumVisualStudioVersion = 10.0.40219.1
Project("{9A19103F-16F7-4668-BE54-9A1E7A4F7556}") = "NotelyCore.Web", "NotelyCore.Web\NotelyCore.Web.csproj", "{BD4595D5-06DD-42FC-B78B-38F4FED57368}"
EndProject
Project("{9A19103F-16F7-4668-BE54-9A1E7A4F7556}") = "NotelyCore.Domain", "NotelyCore.Domain\NotelyCore.Domain.csproj", "{6622E9A1-B1C6-4F62-943F-8B33EA511865}"
EndProject
Project("{9A19103F-16F7-4668-BE54-9A1E7A4F7556}") = "Notely.Persistence", "Notely.Persistence\Notely.Persistence.csproj", "{5AE3F25B-E5AB-49A9-B313-4E5087B106F1}"
EndProject
Project("{FAE04EC0-301F-11D3-BF4B-00C04F79EFBC}") = "Notely.Application", "Notely.Application\Notely.Application.csproj", "{141658D9-A936-47FB-B0D6-FECE807C0877}"
EndProject
Global
	GlobalSection(SolutionConfigurationPlatforms) = preSolution
		Debug|Any CPU = Debug|Any CPU
		Release|Any CPU = Release|Any CPU
	EndGlobalSection
	GlobalSection(ProjectConfigurationPlatforms) = postSolution
		{BD4595D5-06DD-42FC-B78B-38F4FED57368}.Debug|Any CPU.ActiveCfg = Debug|Any CPU
		{BD4595D5-06DD-42FC-B78B-38F4FED57368}.Debug|Any CPU.Build.0 = Debug|Any CPU
		{BD4595D5-06DD-42FC-B78B-38F4FED57368}.Release|Any CPU.ActiveCfg = Release|Any CPU
		{BD4595D5-06DD-42FC-B78B-38F4FED57368}.Release|Any CPU.Build.0 = Release|Any CPU
		{6622E9A1-B1C6-4F62-943F-8B33EA511865}.Debug|Any CPU.ActiveCfg = Debug|Any CPU
		{6622E9A1-B1C6-4F62-943F-8B33EA511865}.Debug|Any CPU.Build.0 = Debug|Any CPU
		{6622E9A1-B1C6-4F62-943F-8B33EA511865}.Release|Any CPU.ActiveCfg = Release|Any CPU
		{6622E9A1-B1C6-4F62-943F-8B33EA511865}.Release|Any CPU.Build.0 = Release|Any CPU
		{5AE3F25B-E5AB-49A9-B313-4E5087B106F1}.Debug|Any CPU.ActiveCfg = Debug|Any CPU
		{5AE3F25B-E5AB-49A9-B313-4E5087B106F1}.Debug|Any CPU.Build.0 = Debug|Any CPU
		{5AE3F25B-E5AB-49A9-B313-4E5087B106F1}.Release|Any CPU.ActiveCfg = Release|Any CPU
		{5AE3F25B-E5AB-49A9-B313-4E5087B106F1}.Release|Any CPU.Build.0 = Release|Any CPU
		{141658D9-A936-47FB-B0D6-FECE807C0877}.Debug|Any CPU.ActiveCfg = Debug|Any CPU
		{141658D9-A936-47FB-B0D6-FECE807C0877}.Debug|Any CPU.Build.0 = Debug|Any CPU
		{141658D9-A936-47FB-B0D6-FECE807C0877}.Release|Any CPU.ActiveCfg = Release|Any CPU
		{141658D9-A936-47FB-B0D6-FECE807C0877}.Release|Any CPU.Build.0 = Release|Any CPU
	EndGlobalSection
	GlobalSection(SolutionProperties) = preSolution
		HideSolutionNode = FALSE
	EndGlobalSection
	GlobalSection(ExtensibilityGlobals) = postSolution
		SolutionGuid = {CD9F4B32-B9A2-4A11-9A08-9F7F04DCCCEF}
	EndGlobalSection
EndGlobal
