{
  "name": "notelycore.web",
  "version": "1.0.0",
  "lockfileVersion": 1,
  "requires": true,
  "dependencies": {
    "@fortawesome/fontawesome-free": {
      "version": "5.9.0",
      "resolved": "https://registry.npmjs.org/@fortawesome/fontawesome-free/-/fontawesome-free-5.9.0.tgz",
      "integrity": "sha512-g795BBEzM/Hq2SYNPm/NQTIp3IWd4eXSH0ds87Na2jnrAUFX3wkyZAI4Gwj9DOaWMuz2/01i8oWI7P7T/XLkhg==",
      "dev": true
    },
    "jquery": {
      "version": "3.5.0",
      "resolved": "https://registry.npmjs.org/jquery/-/jquery-3.5.0.tgz",
      "integrity": "sha512-Xb7SVYMvygPxbFMpTFQiHh1J7HClEaThguL15N/Gg37Lri/qKyhRGZYzHRyLH8Stq3Aow0LsHO2O2ci86fCrNQ=="
    },
    "jquery-confirm": {
      "version": "3.3.4",
      "resolved": "https://registry.npmjs.org/jquery-confirm/-/jquery-confirm-3.3.4.tgz",
      "integrity": "sha512-SF3mX2kWAK9FP/Hut1uLHI30LPZ9DAki3Jq6JId9vg6AlMVugjlh40APtuxPQ/0C44XTkQFSVyRrg57NMbaicA==",
      "requires": {
        "jquery": ">=1.6"
      }
    }
  }
}
